
Microsoft Visual Studio Solution File, Format Version 12.00
# Visual Studio Version 17
VisualStudioVersion = 17.1.32210.238
MinimumVisualStudioVersion = 10.0.40219.1
Project("{FAE04EC0-301F-11D3-BF4B-00C04F79EFBC}") = "NotificationProjectFrontendMVC", "NotificationProjectFrontendMVC\NotificationProjectFrontendMVC.csproj", "{91EA9FE5-D5C8-4D8C-9C7D-D1F2FA52ADE2}"
EndProject
Global
	GlobalSection(SolutionConfigurationPlatforms) = preSolution
		Debug|Any CPU = Debug|Any CPU
		Release|Any CPU = Release|Any CPU
	EndGlobalSection
	GlobalSection(ProjectConfigurationPlatforms) = postSolution
		{91EA9FE5-D5C8-4D8C-9C7D-D1F2FA52ADE2}.Debug|Any CPU.ActiveCfg = Debug|Any CPU
		{91EA9FE5-D5C8-4D8C-9C7D-D1F2FA52ADE2}.Debug|Any CPU.Build.0 = Debug|Any CPU
		{91EA9FE5-D5C8-4D8C-9C7D-D1F2FA52ADE2}.Release|Any CPU.ActiveCfg = Release|Any CPU
		{91EA9FE5-D5C8-4D8C-9C7D-D1F2FA52ADE2}.Release|Any CPU.Build.0 = Release|Any CPU
	EndGlobalSection
	GlobalSection(SolutionProperties) = preSolution
		HideSolutionNode = FALSE
	EndGlobalSection
	GlobalSection(ExtensibilityGlobals) = postSolution
		SolutionGuid = {240C57B0-ACC9-4819-A93F-A847F3A6F228}
	EndGlobalSection
EndGlobal
